
Microsoft Visual Studio Solution File, Format Version 12.00
# Visual Studio 15
VisualStudioVersion = 15.0.28307.539
MinimumVisualStudioVersion = 10.0.40219.1
Project("{9A19103F-16F7-4668-BE54-9A1E7A4F7556}") = "CV.Data", "CV.Data\CV.Data.csproj", "{2F70BEF6-D672-4E2E-AEEF-261FE47AAD7C}"
EndProject
Project("{2150E333-8FDC-42A3-9474-1A3956D46DE8}") = "3-Domain", "3-Domain", "{3D9E7F21-1776-4D08-8FF5-332D5B1A77BE}"
EndProject
Project("{9A19103F-16F7-4668-BE54-9A1E7A4F7556}") = "CV.Data.EF", "CV.Data.EF\CV.Data.EF.csproj", "{AEA0BBF8-1E0A-44B4-9382-F6BDBA6B5603}"
EndProject
Project("{2150E333-8FDC-42A3-9474-1A3956D46DE8}") = "Framework", "Framework", "{1D17E3E2-F434-442F-9DC4-CAB3822511CC}"
EndProject
Project("{9A19103F-16F7-4668-BE54-9A1E7A4F7556}") = "CV.Utils", "CV.Utils\CV.Utils.csproj", "{3A727EAC-A640-49A3-91B9-F1CF00FBFC6D}"
EndProject
Project("{9A19103F-16F7-4668-BE54-9A1E7A4F7556}") = "CV.Core", "CV.Core\CV.Core.csproj", "{3136FCC6-7AB2-4C52-910D-4C6E0870DD82}"
EndProject
Project("{2150E333-8FDC-42A3-9474-1A3956D46DE8}") = "2-Service", "2-Service", "{BDD6B2F8-B823-454A-942B-41709A406EDA}"
EndProject
Project("{2150E333-8FDC-42A3-9474-1A3956D46DE8}") = "1-Presentation", "1-Presentation", "{81B19526-44DB-4AFF-9F6E-7405C0599555}"
EndProject
Project("{9A19103F-16F7-4668-BE54-9A1E7A4F7556}") = "CV.Web", "CV.Web\CV.Web.csproj", "{DAED8317-9A7E-4FC1-BA34-5792141FAD38}"
EndProject
Project("{9A19103F-16F7-4668-BE54-9A1E7A4F7556}") = "CV.DI", "CV.DI\CV.DI.csproj", "{35CA9966-070F-4143-90DD-DBA2F25663A0}"
EndProject
Project("{9A19103F-16F7-4668-BE54-9A1E7A4F7556}") = "CV.Service.Interface", "CV.Service.Interface\CV.Service.Interface.csproj", "{F24357F5-F5CB-455F-A7F3-BD1BFE6ADF3F}"
EndProject
Project("{9A19103F-16F7-4668-BE54-9A1E7A4F7556}") = "CV.Service", "CV.Service\CV.Service.csproj", "{4191534F-5941-4FB3-B317-59D88B38BBC4}"
EndProject
Project("{FAE04EC0-301F-11D3-BF4B-00C04F79EFBC}") = "CV.Service.Mapper", "CV.Service.Mapper\CV.Service.Mapper.csproj", "{3FB533AC-667B-489A-B972-EB9967C9DA0A}"
EndProject
Global
	GlobalSection(SolutionConfigurationPlatforms) = preSolution
		Debug|Any CPU = Debug|Any CPU
		Release|Any CPU = Release|Any CPU
	EndGlobalSection
	GlobalSection(ProjectConfigurationPlatforms) = postSolution
		{2F70BEF6-D672-4E2E-AEEF-261FE47AAD7C}.Debug|Any CPU.ActiveCfg = Debug|Any CPU
		{2F70BEF6-D672-4E2E-AEEF-261FE47AAD7C}.Debug|Any CPU.Build.0 = Debug|Any CPU
		{2F70BEF6-D672-4E2E-AEEF-261FE47AAD7C}.Release|Any CPU.ActiveCfg = Release|Any CPU
		{2F70BEF6-D672-4E2E-AEEF-261FE47AAD7C}.Release|Any CPU.Build.0 = Release|Any CPU
		{AEA0BBF8-1E0A-44B4-9382-F6BDBA6B5603}.Debug|Any CPU.ActiveCfg = Debug|Any CPU
		{AEA0BBF8-1E0A-44B4-9382-F6BDBA6B5603}.Debug|Any CPU.Build.0 = Debug|Any CPU
		{AEA0BBF8-1E0A-44B4-9382-F6BDBA6B5603}.Release|Any CPU.ActiveCfg = Release|Any CPU
		{AEA0BBF8-1E0A-44B4-9382-F6BDBA6B5603}.Release|Any CPU.Build.0 = Release|Any CPU
		{3A727EAC-A640-49A3-91B9-F1CF00FBFC6D}.Debug|Any CPU.ActiveCfg = Debug|Any CPU
		{3A727EAC-A640-49A3-91B9-F1CF00FBFC6D}.Debug|Any CPU.Build.0 = Debug|Any CPU
		{3A727EAC-A640-49A3-91B9-F1CF00FBFC6D}.Release|Any CPU.ActiveCfg = Release|Any CPU
		{3A727EAC-A640-49A3-91B9-F1CF00FBFC6D}.Release|Any CPU.Build.0 = Release|Any CPU
		{3136FCC6-7AB2-4C52-910D-4C6E0870DD82}.Debug|Any CPU.ActiveCfg = Debug|Any CPU
		{3136FCC6-7AB2-4C52-910D-4C6E0870DD82}.Debug|Any CPU.Build.0 = Debug|Any CPU
		{3136FCC6-7AB2-4C52-910D-4C6E0870DD82}.Release|Any CPU.ActiveCfg = Release|Any CPU
		{3136FCC6-7AB2-4C52-910D-4C6E0870DD82}.Release|Any CPU.Build.0 = Release|Any CPU
		{DAED8317-9A7E-4FC1-BA34-5792141FAD38}.Debug|Any CPU.ActiveCfg = Debug|Any CPU
		{DAED8317-9A7E-4FC1-BA34-5792141FAD38}.Debug|Any CPU.Build.0 = Debug|Any CPU
		{DAED8317-9A7E-4FC1-BA34-5792141FAD38}.Release|Any CPU.ActiveCfg = Release|Any CPU
		{DAED8317-9A7E-4FC1-BA34-5792141FAD38}.Release|Any CPU.Build.0 = Release|Any CPU
		{35CA9966-070F-4143-90DD-DBA2F25663A0}.Debug|Any CPU.ActiveCfg = Debug|Any CPU
		{35CA9966-070F-4143-90DD-DBA2F25663A0}.Debug|Any CPU.Build.0 = Debug|Any CPU
		{35CA9966-070F-4143-90DD-DBA2F25663A0}.Release|Any CPU.ActiveCfg = Release|Any CPU
		{35CA9966-070F-4143-90DD-DBA2F25663A0}.Release|Any CPU.Build.0 = Release|Any CPU
		{F24357F5-F5CB-455F-A7F3-BD1BFE6ADF3F}.Debug|Any CPU.ActiveCfg = Debug|Any CPU
		{F24357F5-F5CB-455F-A7F3-BD1BFE6ADF3F}.Debug|Any CPU.Build.0 = Debug|Any CPU
		{F24357F5-F5CB-455F-A7F3-BD1BFE6ADF3F}.Release|Any CPU.ActiveCfg = Release|Any CPU
		{F24357F5-F5CB-455F-A7F3-BD1BFE6ADF3F}.Release|Any CPU.Build.0 = Release|Any CPU
		{4191534F-5941-4FB3-B317-59D88B38BBC4}.Debug|Any CPU.ActiveCfg = Debug|Any CPU
		{4191534F-5941-4FB3-B317-59D88B38BBC4}.Debug|Any CPU.Build.0 = Debug|Any CPU
		{4191534F-5941-4FB3-B317-59D88B38BBC4}.Release|Any CPU.ActiveCfg = Release|Any CPU
		{4191534F-5941-4FB3-B317-59D88B38BBC4}.Release|Any CPU.Build.0 = Release|Any CPU
		{3FB533AC-667B-489A-B972-EB9967C9DA0A}.Debug|Any CPU.ActiveCfg = Debug|Any CPU
		{3FB533AC-667B-489A-B972-EB9967C9DA0A}.Debug|Any CPU.Build.0 = Debug|Any CPU
		{3FB533AC-667B-489A-B972-EB9967C9DA0A}.Release|Any CPU.ActiveCfg = Release|Any CPU
		{3FB533AC-667B-489A-B972-EB9967C9DA0A}.Release|Any CPU.Build.0 = Release|Any CPU
	EndGlobalSection
	GlobalSection(SolutionProperties) = preSolution
		HideSolutionNode = FALSE
	EndGlobalSection
	GlobalSection(NestedProjects) = preSolution
		{2F70BEF6-D672-4E2E-AEEF-261FE47AAD7C} = {3D9E7F21-1776-4D08-8FF5-332D5B1A77BE}
		{AEA0BBF8-1E0A-44B4-9382-F6BDBA6B5603} = {3D9E7F21-1776-4D08-8FF5-332D5B1A77BE}
		{3A727EAC-A640-49A3-91B9-F1CF00FBFC6D} = {1D17E3E2-F434-442F-9DC4-CAB3822511CC}
		{3136FCC6-7AB2-4C52-910D-4C6E0870DD82} = {3D9E7F21-1776-4D08-8FF5-332D5B1A77BE}
		{DAED8317-9A7E-4FC1-BA34-5792141FAD38} = {81B19526-44DB-4AFF-9F6E-7405C0599555}
		{35CA9966-070F-4143-90DD-DBA2F25663A0} = {1D17E3E2-F434-442F-9DC4-CAB3822511CC}
		{F24357F5-F5CB-455F-A7F3-BD1BFE6ADF3F} = {BDD6B2F8-B823-454A-942B-41709A406EDA}
		{4191534F-5941-4FB3-B317-59D88B38BBC4} = {BDD6B2F8-B823-454A-942B-41709A406EDA}
		{3FB533AC-667B-489A-B972-EB9967C9DA0A} = {BDD6B2F8-B823-454A-942B-41709A406EDA}
	EndGlobalSection
	GlobalSection(ExtensibilityGlobals) = postSolution
		SolutionGuid = {5D033B3D-BE82-424D-B52A-B0FD238EEB9A}
	EndGlobalSection
EndGlobal
